
Microsoft Visual Studio Solution File, Format Version 12.00
# Visual Studio Version 17
VisualStudioVersion = 17.4.33213.308
MinimumVisualStudioVersion = 10.0.40219.1
Project("{FAE04EC0-301F-11D3-BF4B-00C04F79EFBC}") = "GrafanaPrometheusExample", "GrafanaPrometheusExample\GrafanaPrometheusExample.csproj", "{06B4B1D2-C4BB-4DBB-A6B2-AC0E602F46CC}"
EndProject
Global
	GlobalSection(SolutionConfigurationPlatforms) = preSolution
		Debug|Any CPU = Debug|Any CPU
		Release|Any CPU = Release|Any CPU
	EndGlobalSection
	GlobalSection(ProjectConfigurationPlatforms) = postSolution
		{06B4B1D2-C4BB-4DBB-A6B2-AC0E602F46CC}.Debug|Any CPU.ActiveCfg = Debug|Any CPU
		{06B4B1D2-C4BB-4DBB-A6B2-AC0E602F46CC}.Debug|Any CPU.Build.0 = Debug|Any CPU
		{06B4B1D2-C4BB-4DBB-A6B2-AC0E602F46CC}.Release|Any CPU.ActiveCfg = Release|Any CPU
		{06B4B1D2-C4BB-4DBB-A6B2-AC0E602F46CC}.Release|Any CPU.Build.0 = Release|Any CPU
	EndGlobalSection
	GlobalSection(SolutionProperties) = preSolution
		HideSolutionNode = FALSE
	EndGlobalSection
	GlobalSection(ExtensibilityGlobals) = postSolution
		SolutionGuid = {CD7E1A7F-B459-45B7-ADB9-52D5AE50C41B}
	EndGlobalSection
EndGlobal
